
Microsoft Visual Studio Solution File, Format Version 12.00
# Visual Studio Version 16
VisualStudioVersion = 16.0.30114.105
MinimumVisualStudioVersion = 10.0.40219.1
Project("{FAE04EC0-301F-11D3-BF4B-00C04F79EFBC}") = "task_1", "task_1\task_1.csproj", "{BF87740F-3E8F-429F-B977-FE6F734A29DD}"
EndProject
Project("{FAE04EC0-301F-11D3-BF4B-00C04F79EFBC}") = "task_2", "task_2\task_2.csproj", "{07D1637F-C0E4-4AA2-8908-C9EEC5852166}"
EndProject
Global
	GlobalSection(SolutionConfigurationPlatforms) = preSolution
		Debug|Any CPU = Debug|Any CPU
		Release|Any CPU = Release|Any CPU
	EndGlobalSection
	GlobalSection(SolutionProperties) = preSolution
		HideSolutionNode = FALSE
	EndGlobalSection
	GlobalSection(ProjectConfigurationPlatforms) = postSolution
		{BF87740F-3E8F-429F-B977-FE6F734A29DD}.Debug|Any CPU.ActiveCfg = Debug|Any CPU
		{BF87740F-3E8F-429F-B977-FE6F734A29DD}.Debug|Any CPU.Build.0 = Debug|Any CPU
		{BF87740F-3E8F-429F-B977-FE6F734A29DD}.Release|Any CPU.ActiveCfg = Release|Any CPU
		{BF87740F-3E8F-429F-B977-FE6F734A29DD}.Release|Any CPU.Build.0 = Release|Any CPU
		{07D1637F-C0E4-4AA2-8908-C9EEC5852166}.Debug|Any CPU.ActiveCfg = Debug|Any CPU
		{07D1637F-C0E4-4AA2-8908-C9EEC5852166}.Debug|Any CPU.Build.0 = Debug|Any CPU
		{07D1637F-C0E4-4AA2-8908-C9EEC5852166}.Release|Any CPU.ActiveCfg = Release|Any CPU
		{07D1637F-C0E4-4AA2-8908-C9EEC5852166}.Release|Any CPU.Build.0 = Release|Any CPU
	EndGlobalSection
EndGlobal
